{
  "name": "straight-jacket",
  "version": "1.0.0",
  "lockfileVersion": 3,
  "requires": true,
  "packages": {
    "": {
      "name": "straight-jacket",
      "version": "1.0.0",
      "license": "MIT",
      "dependencies": {
        "straight-jacket": "^1.0.0"
      },
      "bin": {
        "straight-jacket": "bin/straight-jacket.mjs",
        "straight-jacket-mcp": "bin/straight-jacket-mcp.mjs"
      },
      "engines": {
        "node": ">=20.20.0"
      }
    },
    "node_modules/straight-jacket": {
      "version": "1.0.0",
      "resolved": "https://registry.npmjs.org/straight-jacket/-/straight-jacket-1.0.0.tgz",
      "integrity": "sha512-zyTFdxcxKHOw4zvRWR5hUIR1elQ9/j1NY6E3NTxidSNUsF8dcS2lM6t0KeNE9nXTSknrXWaYg9EEAO8WurwTfg==",
      "license": "MIT",
      "dependencies": {
        "straight-jacket": "^1.0.0"
      },
      "bin": {
        "straight-jacket": "bin/straight-jacket.mjs",
        "straight-jacket-mcp": "bin/straight-jacket-mcp.mjs"
      },
      "engines": {
        "node": ">=20.20.0"
      }
    }
  }
}
