{
  "name": "straight-jacket",
  "version": "0.1.9",
  "lockfileVersion": 3,
  "requires": true,
  "packages": {
    "": {
      "name": "straight-jacket",
      "version": "0.1.9",
      "license": "MIT",
      "dependencies": {
        "straight-jacket": "^0.1.5"
      },
      "bin": {
        "straight-jacket": "bin/straight-jacket.mjs",
        "straight-jacket-mcp": "bin/straight-jacket-mcp.mjs"
      },
      "engines": {
        "node": ">=20.20.0"
      }
    },
    "node_modules/straight-jacket": {
      "version": "0.1.5",
      "resolved": "https://registry.npmjs.org/straight-jacket/-/straight-jacket-0.1.5.tgz",
      "integrity": "sha512-oB18pMI+RR26wbIHLFiJLD2VtXUrymYNkvdeLIReHu+4zwBXuq3r1c+RtXtR3CvtsEF7CY4aRmJcX3rwLMcS3Q==",
      "license": "MIT",
      "bin": {
        "straight-jacket": "bin/straight-jacket.mjs",
        "straight-jacket-mcp": "bin/straight-jacket-mcp.mjs"
      },
      "engines": {
        "node": ">=20.20.0"
      }
    }
  }
}
